{
  "name": "skill-drift-audit-skill",
  "version": "0.1.0",
  "lockfileVersion": 3,
  "requires": true,
  "packages": {
    "": {
      "name": "skill-drift-audit-skill",
      "version": "0.1.0",
      "license": "MIT",
      "bin": {
        "skill-drift-audit": "bin/skill-drift-audit.js"
      },
      "engines": {
        "node": ">=20"
      }
    }
  }
}
